
Microsoft Visual Studio Solution File, Format Version 12.00
# Visual Studio Version 17
VisualStudioVersion = 17.0.31903.59
MinimumVisualStudioVersion = 10.0.40219.1
Project("{2150E333-8FDC-42A3-9474-1A3956D46DE8}") = "src", "src", "{827E0CD3-B72D-47B6-A68D-7590B98EB39B}"
EndProject
Project("{FAE04EC0-301F-11D3-BF4B-00C04F79EFBC}") = "EnergyPortal.API", "src\EnergyPortal.API\EnergyPortal.API.csproj", "{5B607EFF-ACAF-4E1A-B50A-0D2397C85FE1}"
EndProject
Project("{FAE04EC0-301F-11D3-BF4B-00C04F79EFBC}") = "EnergyPortal.Application", "src\EnergyPortal.Application\EnergyPortal.Application.csproj", "{8FC9B9B4-0B9C-47FC-9F73-91AC5D78D98B}"
EndProject
Project("{FAE04EC0-301F-11D3-BF4B-00C04F79EFBC}") = "EnergyPortal.Domain", "src\EnergyPortal.Domain\EnergyPortal.Domain.csproj", "{FF878767-E0E2-4000-B0B4-1AC400008DDB}"
EndProject
Project("{FAE04EC0-301F-11D3-BF4B-00C04F79EFBC}") = "EnergyPortal.Infrastructure", "src\EnergyPortal.Infrastructure\EnergyPortal.Infrastructure.csproj", "{9F5D53DE-7679-4008-BEC0-A2E6A0733EEE}"
EndProject
Project("{2150E333-8FDC-42A3-9474-1A3956D46DE8}") = "tests", "tests", "{0AB3BF05-4346-4AA6-1389-037BE0695223}"
EndProject
Project("{FAE04EC0-301F-11D3-BF4B-00C04F79EFBC}") = "EnergyPortal.UnitTests", "tests\EnergyPortal.UnitTests\EnergyPortal.UnitTests.csproj", "{6C2B441D-17B5-4C6C-B049-AC7E09BE1356}"
EndProject
Project("{FAE04EC0-301F-11D3-BF4B-00C04F79EFBC}") = "EnergyPortal.IntegrationTests", "tests\EnergyPortal.IntegrationTests\EnergyPortal.IntegrationTests.csproj", "{C038ED39-252B-44D7-9867-AFBEA520592B}"
EndProject
Global
	GlobalSection(SolutionConfigurationPlatforms) = preSolution
		Debug|Any CPU = Debug|Any CPU
		Debug|x64 = Debug|x64
		Debug|x86 = Debug|x86
		Release|Any CPU = Release|Any CPU
		Release|x64 = Release|x64
		Release|x86 = Release|x86
	EndGlobalSection
	GlobalSection(ProjectConfigurationPlatforms) = postSolution
		{5B607EFF-ACAF-4E1A-B50A-0D2397C85FE1}.Debug|Any CPU.ActiveCfg = Debug|Any CPU
		{5B607EFF-ACAF-4E1A-B50A-0D2397C85FE1}.Debug|Any CPU.Build.0 = Debug|Any CPU
		{5B607EFF-ACAF-4E1A-B50A-0D2397C85FE1}.Debug|x64.ActiveCfg = Debug|Any CPU
		{5B607EFF-ACAF-4E1A-B50A-0D2397C85FE1}.Debug|x64.Build.0 = Debug|Any CPU
		{5B607EFF-ACAF-4E1A-B50A-0D2397C85FE1}.Debug|x86.ActiveCfg = Debug|Any CPU
		{5B607EFF-ACAF-4E1A-B50A-0D2397C85FE1}.Debug|x86.Build.0 = Debug|Any CPU
		{5B607EFF-ACAF-4E1A-B50A-0D2397C85FE1}.Release|Any CPU.ActiveCfg = Release|Any CPU
		{5B607EFF-ACAF-4E1A-B50A-0D2397C85FE1}.Release|Any CPU.Build.0 = Release|Any CPU
		{5B607EFF-ACAF-4E1A-B50A-0D2397C85FE1}.Release|x64.ActiveCfg = Release|Any CPU
		{5B607EFF-ACAF-4E1A-B50A-0D2397C85FE1}.Release|x64.Build.0 = Release|Any CPU
		{5B607EFF-ACAF-4E1A-B50A-0D2397C85FE1}.Release|x86.ActiveCfg = Release|Any CPU
		{5B607EFF-ACAF-4E1A-B50A-0D2397C85FE1}.Release|x86.Build.0 = Release|Any CPU
		{8FC9B9B4-0B9C-47FC-9F73-91AC5D78D98B}.Debug|Any CPU.ActiveCfg = Debug|Any CPU
		{8FC9B9B4-0B9C-47FC-9F73-91AC5D78D98B}.Debug|Any CPU.Build.0 = Debug|Any CPU
		{8FC9B9B4-0B9C-47FC-9F73-91AC5D78D98B}.Debug|x64.ActiveCfg = Debug|Any CPU
		{8FC9B9B4-0B9C-47FC-9F73-91AC5D78D98B}.Debug|x64.Build.0 = Debug|Any CPU
		{8FC9B9B4-0B9C-47FC-9F73-91AC5D78D98B}.Debug|x86.ActiveCfg = Debug|Any CPU
		{8FC9B9B4-0B9C-47FC-9F73-91AC5D78D98B}.Debug|x86.Build.0 = Debug|Any CPU
		{8FC9B9B4-0B9C-47FC-9F73-91AC5D78D98B}.Release|Any CPU.ActiveCfg = Release|Any CPU
		{8FC9B9B4-0B9C-47FC-9F73-91AC5D78D98B}.Release|Any CPU.Build.0 = Release|Any CPU
		{8FC9B9B4-0B9C-47FC-9F73-91AC5D78D98B}.Release|x64.ActiveCfg = Release|Any CPU
		{8FC9B9B4-0B9C-47FC-9F73-91AC5D78D98B}.Release|x64.Build.0 = Release|Any CPU
		{8FC9B9B4-0B9C-47FC-9F73-91AC5D78D98B}.Release|x86.ActiveCfg = Release|Any CPU
		{8FC9B9B4-0B9C-47FC-9F73-91AC5D78D98B}.Release|x86.Build.0 = Release|Any CPU
		{FF878767-E0E2-4000-B0B4-1AC400008DDB}.Debug|Any CPU.ActiveCfg = Debug|Any CPU
		{FF878767-E0E2-4000-B0B4-1AC400008DDB}.Debug|Any CPU.Build.0 = Debug|Any CPU
		{FF878767-E0E2-4000-B0B4-1AC400008DDB}.Debug|x64.ActiveCfg = Debug|Any CPU
		{FF878767-E0E2-4000-B0B4-1AC400008DDB}.Debug|x64.Build.0 = Debug|Any CPU
		{FF878767-E0E2-4000-B0B4-1AC400008DDB}.Debug|x86.ActiveCfg = Debug|Any CPU
		{FF878767-E0E2-4000-B0B4-1AC400008DDB}.Debug|x86.Build.0 = Debug|Any CPU
		{FF878767-E0E2-4000-B0B4-1AC400008DDB}.Release|Any CPU.ActiveCfg = Release|Any CPU
		{FF878767-E0E2-4000-B0B4-1AC400008DDB}.Release|Any CPU.Build.0 = Release|Any CPU
		{FF878767-E0E2-4000-B0B4-1AC400008DDB}.Release|x64.ActiveCfg = Release|Any CPU
		{FF878767-E0E2-4000-B0B4-1AC400008DDB}.Release|x64.Build.0 = Release|Any CPU
		{FF878767-E0E2-4000-B0B4-1AC400008DDB}.Release|x86.ActiveCfg = Release|Any CPU
		{FF878767-E0E2-4000-B0B4-1AC400008DDB}.Release|x86.Build.0 = Release|Any CPU
		{9F5D53DE-7679-4008-BEC0-A2E6A0733EEE}.Debug|Any CPU.ActiveCfg = Debug|Any CPU
		{9F5D53DE-7679-4008-BEC0-A2E6A0733EEE}.Debug|Any CPU.Build.0 = Debug|Any CPU
		{9F5D53DE-7679-4008-BEC0-A2E6A0733EEE}.Debug|x64.ActiveCfg = Debug|Any CPU
		{9F5D53DE-7679-4008-BEC0-A2E6A0733EEE}.Debug|x64.Build.0 = Debug|Any CPU
		{9F5D53DE-7679-4008-BEC0-A2E6A0733EEE}.Debug|x86.ActiveCfg = Debug|Any CPU
		{9F5D53DE-7679-4008-BEC0-A2E6A0733EEE}.Debug|x86.Build.0 = Debug|Any CPU
		{9F5D53DE-7679-4008-BEC0-A2E6A0733EEE}.Release|Any CPU.ActiveCfg = Release|Any CPU
		{9F5D53DE-7679-4008-BEC0-A2E6A0733EEE}.Release|Any CPU.Build.0 = Release|Any CPU
		{9F5D53DE-7679-4008-BEC0-A2E6A0733EEE}.Release|x64.ActiveCfg = Release|Any CPU
		{9F5D53DE-7679-4008-BEC0-A2E6A0733EEE}.Release|x64.Build.0 = Release|Any CPU
		{9F5D53DE-7679-4008-BEC0-A2E6A0733EEE}.Release|x86.ActiveCfg = Release|Any CPU
		{9F5D53DE-7679-4008-BEC0-A2E6A0733EEE}.Release|x86.Build.0 = Release|Any CPU
		{6C2B441D-17B5-4C6C-B049-AC7E09BE1356}.Debug|Any CPU.ActiveCfg = Debug|Any CPU
		{6C2B441D-17B5-4C6C-B049-AC7E09BE1356}.Debug|Any CPU.Build.0 = Debug|Any CPU
		{6C2B441D-17B5-4C6C-B049-AC7E09BE1356}.Debug|x64.ActiveCfg = Debug|Any CPU
		{6C2B441D-17B5-4C6C-B049-AC7E09BE1356}.Debug|x64.Build.0 = Debug|Any CPU
		{6C2B441D-17B5-4C6C-B049-AC7E09BE1356}.Debug|x86.ActiveCfg = Debug|Any CPU
		{6C2B441D-17B5-4C6C-B049-AC7E09BE1356}.Debug|x86.Build.0 = Debug|Any CPU
		{6C2B441D-17B5-4C6C-B049-AC7E09BE1356}.Release|Any CPU.ActiveCfg = Release|Any CPU
		{6C2B441D-17B5-4C6C-B049-AC7E09BE1356}.Release|Any CPU.Build.0 = Release|Any CPU
		{6C2B441D-17B5-4C6C-B049-AC7E09BE1356}.Release|x64.ActiveCfg = Release|Any CPU
		{6C2B441D-17B5-4C6C-B049-AC7E09BE1356}.Release|x64.Build.0 = Release|Any CPU
		{6C2B441D-17B5-4C6C-B049-AC7E09BE1356}.Release|x86.ActiveCfg = Release|Any CPU
		{6C2B441D-17B5-4C6C-B049-AC7E09BE1356}.Release|x86.Build.0 = Release|Any CPU
		{C038ED39-252B-44D7-9867-AFBEA520592B}.Debug|Any CPU.ActiveCfg = Debug|Any CPU
		{C038ED39-252B-44D7-9867-AFBEA520592B}.Debug|Any CPU.Build.0 = Debug|Any CPU
		{C038ED39-252B-44D7-9867-AFBEA520592B}.Debug|x64.ActiveCfg = Debug|Any CPU
		{C038ED39-252B-44D7-9867-AFBEA520592B}.Debug|x64.Build.0 = Debug|Any CPU
		{C038ED39-252B-44D7-9867-AFBEA520592B}.Debug|x86.ActiveCfg = Debug|Any CPU
		{C038ED39-252B-44D7-9867-AFBEA520592B}.Debug|x86.Build.0 = Debug|Any CPU
		{C038ED39-252B-44D7-9867-AFBEA520592B}.Release|Any CPU.ActiveCfg = Release|Any CPU
		{C038ED39-252B-44D7-9867-AFBEA520592B}.Release|Any CPU.Build.0 = Release|Any CPU
		{C038ED39-252B-44D7-9867-AFBEA520592B}.Release|x64.ActiveCfg = Release|Any CPU
		{C038ED39-252B-44D7-9867-AFBEA520592B}.Release|x64.Build.0 = Release|Any CPU
		{C038ED39-252B-44D7-9867-AFBEA520592B}.Release|x86.ActiveCfg = Release|Any CPU
		{C038ED39-252B-44D7-9867-AFBEA520592B}.Release|x86.Build.0 = Release|Any CPU
	EndGlobalSection
	GlobalSection(SolutionProperties) = preSolution
		HideSolutionNode = FALSE
	EndGlobalSection
	GlobalSection(NestedProjects) = preSolution
		{5B607EFF-ACAF-4E1A-B50A-0D2397C85FE1} = {827E0CD3-B72D-47B6-A68D-7590B98EB39B}
		{8FC9B9B4-0B9C-47FC-9F73-91AC5D78D98B} = {827E0CD3-B72D-47B6-A68D-7590B98EB39B}
		{FF878767-E0E2-4000-B0B4-1AC400008DDB} = {827E0CD3-B72D-47B6-A68D-7590B98EB39B}
		{9F5D53DE-7679-4008-BEC0-A2E6A0733EEE} = {827E0CD3-B72D-47B6-A68D-7590B98EB39B}
		{6C2B441D-17B5-4C6C-B049-AC7E09BE1356} = {0AB3BF05-4346-4AA6-1389-037BE0695223}
		{C038ED39-252B-44D7-9867-AFBEA520592B} = {0AB3BF05-4346-4AA6-1389-037BE0695223}
	EndGlobalSection
EndGlobal
